// !$*UTF8*$!
{
	archiveVersion = 1;
	classes = {
	};
	objectVersion = 56;
	objects = {

/* Begin PBXBuildFile section */
		3C49EC7748FB3F63A61F7C92 /* Pods_MessageApp.framework in Frameworks */ = {isa = PBXBuildFile; fileRef = 081E1C648ACF921775D270DE /* Pods_MessageApp.framework */; };
		C407A7E32A87C63A00A5F7C6 /* CustomColor.swift in Sources */ = {isa = PBXBuildFile; fileRef = C407A7D92A87C63A00A5F7C6 /* CustomColor.swift */; };
		C407A7E42A87C63A00A5F7C6 /* UIButton+Extensions.swift in Sources */ = {isa = PBXBuildFile; fileRef = C407A7DA2A87C63A00A5F7C6 /* UIButton+Extensions.swift */; };
		C407A7E52A87C63A00A5F7C6 /* UIView+Extensions.swift in Sources */ = {isa = PBXBuildFile; fileRef = C407A7DB2A87C63A00A5F7C6 /* UIView+Extensions.swift */; };
		C407A7E62A87C63A00A5F7C6 /* String+Extensions.swift in Sources */ = {isa = PBXBuildFile; fileRef = C407A7DC2A87C63A00A5F7C6 /* String+Extensions.swift */; };
		C407A7E72A87C63A00A5F7C6 /* Poppins-Medium.ttf in Resources */ = {isa = PBXBuildFile; fileRef = C407A7DE2A87C63A00A5F7C6 /* Poppins-Medium.ttf */; };
		C407A7E82A87C63A00A5F7C6 /* Poppins-Bold.ttf in Resources */ = {isa = PBXBuildFile; fileRef = C407A7DF2A87C63A00A5F7C6 /* Poppins-Bold.ttf */; };
		C407A7E92A87C63A00A5F7C6 /* Poppins-SemiBold.ttf in Resources */ = {isa = PBXBuildFile; fileRef = C407A7E02A87C63A00A5F7C6 /* Poppins-SemiBold.ttf */; };
		C407A7EA2A87C63A00A5F7C6 /* send.wav in Resources */ = {isa = PBXBuildFile; fileRef = C407A7E22A87C63A00A5F7C6 /* send.wav */; };
		C407A7F12A87D07600A5F7C6 /* NavigationView.swift in Sources */ = {isa = PBXBuildFile; fileRef = C407A7F02A87D07600A5F7C6 /* NavigationView.swift */; };
		C41318E52A7FB6F000850769 /* HomeViewController.swift in Sources */ = {isa = PBXBuildFile; fileRef = C41318E42A7FB6F000850769 /* HomeViewController.swift */; };
		C41318E72A7FB70200850769 /* HomeScreen.swift in Sources */ = {isa = PBXBuildFile; fileRef = C41318E62A7FB70200850769 /* HomeScreen.swift */; };
		C4174D6B2A801AB40013E829 /* Alert.swift in Sources */ = {isa = PBXBuildFile; fileRef = C4174D6A2A801AB40013E829 /* Alert.swift */; };
		C4174D6D2A80453F0013E829 /* GoogleService-Info.plist in Resources */ = {isa = PBXBuildFile; fileRef = C4174D6C2A80453E0013E829 /* GoogleService-Info.plist */; };
		C4212B212A6D3F12009F9693 /* AppDelegate.swift in Sources */ = {isa = PBXBuildFile; fileRef = C4212B202A6D3F12009F9693 /* AppDelegate.swift */; };
		C4212B232A6D3F12009F9693 /* SceneDelegate.swift in Sources */ = {isa = PBXBuildFile; fileRef = C4212B222A6D3F12009F9693 /* SceneDelegate.swift */; };
		C4212B252A6D3F12009F9693 /* LoginViewController.swift in Sources */ = {isa = PBXBuildFile; fileRef = C4212B242A6D3F12009F9693 /* LoginViewController.swift */; };
		C4212B2A2A6D3F14009F9693 /* Assets.xcassets in Resources */ = {isa = PBXBuildFile; fileRef = C4212B292A6D3F14009F9693 /* Assets.xcassets */; };
		C4212B2D2A6D3F14009F9693 /* LaunchScreen.storyboard in Resources */ = {isa = PBXBuildFile; fileRef = C4212B2B2A6D3F14009F9693 /* LaunchScreen.storyboard */; };
		C4212B372A6D42A9009F9693 /* LoginScreen.swift in Sources */ = {isa = PBXBuildFile; fileRef = C4212B362A6D42A9009F9693 /* LoginScreen.swift */; };
		C4212B3C2A6E091A009F9693 /* RegisterScreen.swift in Sources */ = {isa = PBXBuildFile; fileRef = C4212B3B2A6E091A009F9693 /* RegisterScreen.swift */; };
		C4212B3E2A6E0943009F9693 /* RegisterViewController.swift in Sources */ = {isa = PBXBuildFile; fileRef = C4212B3D2A6E0943009F9693 /* RegisterViewController.swift */; };
/* End PBXBuildFile section */

/* Begin PBXFileReference section */
		081E1C648ACF921775D270DE /* Pods_MessageApp.framework */ = {isa = PBXFileReference; explicitFileType = wrapper.framework; includeInIndex = 0; path = Pods_MessageApp.framework; sourceTree = BUILT_PRODUCTS_DIR; };
		B681200E35CDEC8DF4DFCECE /* Pods-MessageApp.debug.xcconfig */ = {isa = PBXFileReference; includeInIndex = 1; lastKnownFileType = text.xcconfig; name = "Pods-MessageApp.debug.xcconfig"; path = "Target Support Files/Pods-MessageApp/Pods-MessageApp.debug.xcconfig"; sourceTree = "<group>"; };
		C407A7D92A87C63A00A5F7C6 /* CustomColor.swift */ = {isa = PBXFileReference; fileEncoding = 4; lastKnownFileType = sourcecode.swift; path = CustomColor.swift; sourceTree = "<group>"; };
		C407A7DA2A87C63A00A5F7C6 /* UIButton+Extensions.swift */ = {isa = PBXFileReference; fileEncoding = 4; lastKnownFileType = sourcecode.swift; path = "UIButton+Extensions.swift"; sourceTree = "<group>"; };
		C407A7DB2A87C63A00A5F7C6 /* UIView+Extensions.swift */ = {isa = PBXFileReference; fileEncoding = 4; lastKnownFileType = sourcecode.swift; path = "UIView+Extensions.swift"; sourceTree = "<group>"; };
		C407A7DC2A87C63A00A5F7C6 /* String+Extensions.swift */ = {isa = PBXFileReference; fileEncoding = 4; lastKnownFileType = sourcecode.swift; path = "String+Extensions.swift"; sourceTree = "<group>"; };
		C407A7DE2A87C63A00A5F7C6 /* Poppins-Medium.ttf */ = {isa = PBXFileReference; lastKnownFileType = file; path = "Poppins-Medium.ttf"; sourceTree = "<group>"; };
		C407A7DF2A87C63A00A5F7C6 /* Poppins-Bold.ttf */ = {isa = PBXFileReference; lastKnownFileType = file; path = "Poppins-Bold.ttf"; sourceTree = "<group>"; };
		C407A7E02A87C63A00A5F7C6 /* Poppins-SemiBold.ttf */ = {isa = PBXFileReference; lastKnownFileType = file; path = "Poppins-SemiBold.ttf"; sourceTree = "<group>"; };
		C407A7E22A87C63A00A5F7C6 /* send.wav */ = {isa = PBXFileReference; lastKnownFileType = audio.wav; path = send.wav; sourceTree = "<group>"; };
		C407A7F02A87D07600A5F7C6 /* NavigationView.swift */ = {isa = PBXFileReference; lastKnownFileType = sourcecode.swift; path = NavigationView.swift; sourceTree = "<group>"; };
		C41318E42A7FB6F000850769 /* HomeViewController.swift */ = {isa = PBXFileReference; lastKnownFileType = sourcecode.swift; path = HomeViewController.swift; sourceTree = "<group>"; };
		C41318E62A7FB70200850769 /* HomeScreen.swift */ = {isa = PBXFileReference; lastKnownFileType = sourcecode.swift; path = HomeScreen.swift; sourceTree = "<group>"; };
		C4174D6A2A801AB40013E829 /* Alert.swift */ = {isa = PBXFileReference; lastKnownFileType = sourcecode.swift; path = Alert.swift; sourceTree = "<group>"; };
		C4174D6C2A80453E0013E829 /* GoogleService-Info.plist */ = {isa = PBXFileReference; fileEncoding = 4; lastKnownFileType = text.plist.xml; path = "GoogleService-Info.plist"; sourceTree = "<group>"; };
		C4212B1D2A6D3F12009F9693 /* MessageApp.app */ = {isa = PBXFileReference; explicitFileType = wrapper.application; includeInIndex = 0; path = MessageApp.app; sourceTree = BUILT_PRODUCTS_DIR; };
		C4212B202A6D3F12009F9693 /* AppDelegate.swift */ = {isa = PBXFileReference; lastKnownFileType = sourcecode.swift; path = AppDelegate.swift; sourceTree = "<group>"; };
		C4212B222A6D3F12009F9693 /* SceneDelegate.swift */ = {isa = PBXFileReference; lastKnownFileType = sourcecode.swift; path = SceneDelegate.swift; sourceTree = "<group>"; };
		C4212B242A6D3F12009F9693 /* LoginViewController.swift */ = {isa = PBXFileReference; lastKnownFileType = sourcecode.swift; path = LoginViewController.swift; sourceTree = "<group>"; };
		C4212B292A6D3F14009F9693 /* Assets.xcassets */ = {isa = PBXFileReference; lastKnownFileType = folder.assetcatalog; path = Assets.xcassets; sourceTree = "<group>"; };
		C4212B2C2A6D3F14009F9693 /* Base */ = {isa = PBXFileReference; lastKnownFileType = file.storyboard; name = Base; path = Base.lproj/LaunchScreen.storyboard; sourceTree = "<group>"; };
		C4212B2E2A6D3F14009F9693 /* Info.plist */ = {isa = PBXFileReference; lastKnownFileType = text.plist.xml; path = Info.plist; sourceTree = "<group>"; };
		C4212B362A6D42A9009F9693 /* LoginScreen.swift */ = {isa = PBXFileReference; lastKnownFileType = sourcecode.swift; path = LoginScreen.swift; sourceTree = "<group>"; };
		C4212B3B2A6E091A009F9693 /* RegisterScreen.swift */ = {isa = PBXFileReference; lastKnownFileType = sourcecode.swift; path = RegisterScreen.swift; sourceTree = "<group>"; };
		C4212B3D2A6E0943009F9693 /* RegisterViewController.swift */ = {isa = PBXFileReference; lastKnownFileType = sourcecode.swift; path = RegisterViewController.swift; sourceTree = "<group>"; };
		F65FAE0C9A36C4C7E9DB6BF9 /* Pods-MessageApp.release.xcconfig */ = {isa = PBXFileReference; includeInIndex = 1; lastKnownFileType = text.xcconfig; name = "Pods-MessageApp.release.xcconfig"; path = "Target Support Files/Pods-MessageApp/Pods-MessageApp.release.xcconfig"; sourceTree = "<group>"; };
/* End PBXFileReference section */

/* Begin PBXFrameworksBuildPhase section */
		C4212B1A2A6D3F12009F9693 /* Frameworks */ = {
			isa = PBXFrameworksBuildPhase;
			buildActionMask = 2147483647;
			files = (
				3C49EC7748FB3F63A61F7C92 /* Pods_MessageApp.framework in Frameworks */,
			);
			runOnlyForDeploymentPostprocessing = 0;
		};
/* End PBXFrameworksBuildPhase section */

/* Begin PBXGroup section */
		1951473F062781EE675B9620 /* Pods */ = {
			isa = PBXGroup;
			children = (
				B681200E35CDEC8DF4DFCECE /* Pods-MessageApp.debug.xcconfig */,
				F65FAE0C9A36C4C7E9DB6BF9 /* Pods-MessageApp.release.xcconfig */,
			);
			path = Pods;
			sourceTree = "<group>";
		};
		706D1DFC4E0366A1809C6F95 /* Frameworks */ = {
			isa = PBXGroup;
			children = (
				081E1C648ACF921775D270DE /* Pods_MessageApp.framework */,
			);
			name = Frameworks;
			sourceTree = "<group>";
		};
		C407A7D72A87C63A00A5F7C6 /* Utils */ = {
			isa = PBXGroup;
			children = (
				C407A7D82A87C63A00A5F7C6 /* Extensions */,
				C407A7DD2A87C63A00A5F7C6 /* Fonts */,
				C407A7E12A87C63A00A5F7C6 /* Sound */,
			);
			path = Utils;
			sourceTree = "<group>";
		};
		C407A7D82A87C63A00A5F7C6 /* Extensions */ = {
			isa = PBXGroup;
			children = (
				C407A7D92A87C63A00A5F7C6 /* CustomColor.swift */,
				C407A7DA2A87C63A00A5F7C6 /* UIButton+Extensions.swift */,
				C407A7DB2A87C63A00A5F7C6 /* UIView+Extensions.swift */,
				C407A7DC2A87C63A00A5F7C6 /* String+Extensions.swift */,
			);
			path = Extensions;
			sourceTree = "<group>";
		};
		C407A7DD2A87C63A00A5F7C6 /* Fonts */ = {
			isa = PBXGroup;
			children = (
				C407A7DE2A87C63A00A5F7C6 /* Poppins-Medium.ttf */,
				C407A7DF2A87C63A00A5F7C6 /* Poppins-Bold.ttf */,
				C407A7E02A87C63A00A5F7C6 /* Poppins-SemiBold.ttf */,
			);
			path = Fonts;
			sourceTree = "<group>";
		};
		C407A7E12A87C63A00A5F7C6 /* Sound */ = {
			isa = PBXGroup;
			children = (
				C407A7E22A87C63A00A5F7C6 /* send.wav */,
			);
			path = Sound;
			sourceTree = "<group>";
		};
		C407A7EB2A87C64900A5F7C6 /* Features */ = {
			isa = PBXGroup;
			children = (
				C41318E32A7FB6D300850769 /* Home */,
				C4212B352A6D4286009F9693 /* Login */,
				C4212B3A2A6E08CC009F9693 /* Register */,
			);
			path = Features;
			sourceTree = "<group>";
		};
		C407A7EC2A87C6B700A5F7C6 /* Screen */ = {
			isa = PBXGroup;
			children = (
				C4212B362A6D42A9009F9693 /* LoginScreen.swift */,
			);
			path = Screen;
			sourceTree = "<group>";
		};
		C407A7ED2A87C6C000A5F7C6 /* Screen */ = {
			isa = PBXGroup;
			children = (
				C4212B3B2A6E091A009F9693 /* RegisterScreen.swift */,
			);
			path = Screen;
			sourceTree = "<group>";
		};
		C407A7EE2A87C6CF00A5F7C6 /* Screen */ = {
			isa = PBXGroup;
			children = (
				C41318E62A7FB70200850769 /* HomeScreen.swift */,
			);
			path = Screen;
			sourceTree = "<group>";
		};
		C407A7EF2A87D05F00A5F7C6 /* NavigationView */ = {
			isa = PBXGroup;
			children = (
				C407A7F02A87D07600A5F7C6 /* NavigationView.swift */,
			);
			path = NavigationView;
			sourceTree = "<group>";
		};
		C41318E32A7FB6D300850769 /* Home */ = {
			isa = PBXGroup;
			children = (
				C407A7EF2A87D05F00A5F7C6 /* NavigationView */,
				C407A7EE2A87C6CF00A5F7C6 /* Screen */,
				C41318E42A7FB6F000850769 /* HomeViewController.swift */,
			);
			path = Home;
			sourceTree = "<group>";
		};
		C4174D692A801A5B0013E829 /* Alert */ = {
			isa = PBXGroup;
			children = (
				C4174D6A2A801AB40013E829 /* Alert.swift */,
			);
			path = Alert;
			sourceTree = "<group>";
		};
		C4212B142A6D3F12009F9693 = {
			isa = PBXGroup;
			children = (
				C4212B1F2A6D3F12009F9693 /* MessageApp */,
				C4212B1E2A6D3F12009F9693 /* Products */,
				1951473F062781EE675B9620 /* Pods */,
				706D1DFC4E0366A1809C6F95 /* Frameworks */,
			);
			sourceTree = "<group>";
		};
		C4212B1E2A6D3F12009F9693 /* Products */ = {
			isa = PBXGroup;
			children = (
				C4212B1D2A6D3F12009F9693 /* MessageApp.app */,
			);
			name = Products;
			sourceTree = "<group>";
		};
		C4212B1F2A6D3F12009F9693 /* MessageApp */ = {
			isa = PBXGroup;
			children = (
				C4212B3F2A6E0AC3009F9693 /* Model */,
				C4174D692A801A5B0013E829 /* Alert */,
				C407A7D72A87C63A00A5F7C6 /* Utils */,
				C407A7EB2A87C64900A5F7C6 /* Features */,
				C4212B342A6D41D6009F9693 /* Resources */,
				C4174D6C2A80453E0013E829 /* GoogleService-Info.plist */,
				C4212B2E2A6D3F14009F9693 /* Info.plist */,
			);
			path = MessageApp;
			sourceTree = "<group>";
		};
		C4212B342A6D41D6009F9693 /* Resources */ = {
			isa = PBXGroup;
			children = (
				C4212B202A6D3F12009F9693 /* AppDelegate.swift */,
				C4212B222A6D3F12009F9693 /* SceneDelegate.swift */,
				C4212B292A6D3F14009F9693 /* Assets.xcassets */,
				C4212B2B2A6D3F14009F9693 /* LaunchScreen.storyboard */,
			);
			path = Resources;
			sourceTree = "<group>";
		};
		C4212B352A6D4286009F9693 /* Login */ = {
			isa = PBXGroup;
			children = (
				C407A7EC2A87C6B700A5F7C6 /* Screen */,
				C4212B242A6D3F12009F9693 /* LoginViewController.swift */,
			);
			path = Login;
			sourceTree = "<group>";
		};
		C4212B3A2A6E08CC009F9693 /* Register */ = {
			isa = PBXGroup;
			children = (
				C407A7ED2A87C6C000A5F7C6 /* Screen */,
				C4212B3D2A6E0943009F9693 /* RegisterViewController.swift */,
			);
			path = Register;
			sourceTree = "<group>";
		};
		C4212B3F2A6E0AC3009F9693 /* Model */ = {
			isa = PBXGroup;
			children = (
			);
			path = Model;
			sourceTree = "<group>";
		};
/* End PBXGroup section */

/* Begin PBXNativeTarget section */
		C4212B1C2A6D3F12009F9693 /* MessageApp */ = {
			isa = PBXNativeTarget;
			buildConfigurationList = C4212B312A6D3F14009F9693 /* Build configuration list for PBXNativeTarget "MessageApp" */;
			buildPhases = (
				EE83FD3FC99F241E91BF0846 /* [CP] Check Pods Manifest.lock */,
				C4212B192A6D3F12009F9693 /* Sources */,
				C4212B1A2A6D3F12009F9693 /* Frameworks */,
				C4212B1B2A6D3F12009F9693 /* Resources */,
				958E667381B4F048B0B1C40B /* [CP] Embed Pods Frameworks */,
			);
			buildRules = (
			);
			dependencies = (
			);
			name = MessageApp;
			productName = MessageApp;
			productReference = C4212B1D2A6D3F12009F9693 /* MessageApp.app */;
			productType = "com.apple.product-type.application";
		};
/* End PBXNativeTarget section */

/* Begin PBXProject section */
		C4212B152A6D3F12009F9693 /* Project object */ = {
			isa = PBXProject;
			attributes = {
				BuildIndependentTargetsInParallel = 1;
				LastSwiftUpdateCheck = 1430;
				LastUpgradeCheck = 1430;
				TargetAttributes = {
					C4212B1C2A6D3F12009F9693 = {
						CreatedOnToolsVersion = 14.3.1;
					};
				};
			};
			buildConfigurationList = C4212B182A6D3F12009F9693 /* Build configuration list for PBXProject "MessageApp" */;
			compatibilityVersion = "Xcode 14.0";
			developmentRegion = en;
			hasScannedForEncodings = 0;
			knownRegions = (
				en,
				Base,
			);
			mainGroup = C4212B142A6D3F12009F9693;
			productRefGroup = C4212B1E2A6D3F12009F9693 /* Products */;
			projectDirPath = "";
			projectRoot = "";
			targets = (
				C4212B1C2A6D3F12009F9693 /* MessageApp */,
			);
		};
/* End PBXProject section */

/* Begin PBXResourcesBuildPhase section */
		C4212B1B2A6D3F12009F9693 /* Resources */ = {
			isa = PBXResourcesBuildPhase;
			buildActionMask = 2147483647;
			files = (
				C4212B2D2A6D3F14009F9693 /* LaunchScreen.storyboard in Resources */,
				C407A7E72A87C63A00A5F7C6 /* Poppins-Medium.ttf in Resources */,
				C407A7E82A87C63A00A5F7C6 /* Poppins-Bold.ttf in Resources */,
				C407A7E92A87C63A00A5F7C6 /* Poppins-SemiBold.ttf in Resources */,
				C4212B2A2A6D3F14009F9693 /* Assets.xcassets in Resources */,
				C407A7EA2A87C63A00A5F7C6 /* send.wav in Resources */,
				C4174D6D2A80453F0013E829 /* GoogleService-Info.plist in Resources */,
			);
			runOnlyForDeploymentPostprocessing = 0;
		};
/* End PBXResourcesBuildPhase section */

/* Begin PBXShellScriptBuildPhase section */
		958E667381B4F048B0B1C40B /* [CP] Embed Pods Frameworks */ = {
			isa = PBXShellScriptBuildPhase;
			buildActionMask = 2147483647;
			files = (
			);
			inputFileListPaths = (
				"${PODS_ROOT}/Target Support Files/Pods-MessageApp/Pods-MessageApp-frameworks-${CONFIGURATION}-input-files.xcfilelist",
			);
			name = "[CP] Embed Pods Frameworks";
			outputFileListPaths = (
				"${PODS_ROOT}/Target Support Files/Pods-MessageApp/Pods-MessageApp-frameworks-${CONFIGURATION}-output-files.xcfilelist",
			);
			runOnlyForDeploymentPostprocessing = 0;
			shellPath = /bin/sh;
			shellScript = "\"${PODS_ROOT}/Target Support Files/Pods-MessageApp/Pods-MessageApp-frameworks.sh\"\n";
			showEnvVarsInLog = 0;
		};
		EE83FD3FC99F241E91BF0846 /* [CP] Check Pods Manifest.lock */ = {
			isa = PBXShellScriptBuildPhase;
			buildActionMask = 2147483647;
			files = (
			);
			inputFileListPaths = (
			);
			inputPaths = (
				"${PODS_PODFILE_DIR_PATH}/Podfile.lock",
				"${PODS_ROOT}/Manifest.lock",
			);
			name = "[CP] Check Pods Manifest.lock";
			outputFileListPaths = (
			);
			outputPaths = (
				"$(DERIVED_FILE_DIR)/Pods-MessageApp-checkManifestLockResult.txt",
			);
			runOnlyForDeploymentPostprocessing = 0;
			shellPath = /bin/sh;
			shellScript = "diff \"${PODS_PODFILE_DIR_PATH}/Podfile.lock\" \"${PODS_ROOT}/Manifest.lock\" > /dev/null\nif [ $? != 0 ] ; then\n    # print error to STDERR\n    echo \"error: The sandbox is not in sync with the Podfile.lock. Run 'pod install' or update your CocoaPods installation.\" >&2\n    exit 1\nfi\n# This output is used by Xcode 'outputs' to avoid re-running this script phase.\necho \"SUCCESS\" > \"${SCRIPT_OUTPUT_FILE_0}\"\n";
			showEnvVarsInLog = 0;
		};
/* End PBXShellScriptBuildPhase section */

/* Begin PBXSourcesBuildPhase section */
		C4212B192A6D3F12009F9693 /* Sources */ = {
			isa = PBXSourcesBuildPhase;
			buildActionMask = 2147483647;
			files = (
				C407A7F12A87D07600A5F7C6 /* NavigationView.swift in Sources */,
				C4174D6B2A801AB40013E829 /* Alert.swift in Sources */,
				C407A7E62A87C63A00A5F7C6 /* String+Extensions.swift in Sources */,
				C4212B3C2A6E091A009F9693 /* RegisterScreen.swift in Sources */,
				C4212B252A6D3F12009F9693 /* LoginViewController.swift in Sources */,
				C4212B372A6D42A9009F9693 /* LoginScreen.swift in Sources */,
				C4212B3E2A6E0943009F9693 /* RegisterViewController.swift in Sources */,
				C41318E72A7FB70200850769 /* HomeScreen.swift in Sources */,
				C407A7E52A87C63A00A5F7C6 /* UIView+Extensions.swift in Sources */,
				C4212B212A6D3F12009F9693 /* AppDelegate.swift in Sources */,
				C41318E52A7FB6F000850769 /* HomeViewController.swift in Sources */,
				C407A7E32A87C63A00A5F7C6 /* CustomColor.swift in Sources */,
				C407A7E42A87C63A00A5F7C6 /* UIButton+Extensions.swift in Sources */,
				C4212B232A6D3F12009F9693 /* SceneDelegate.swift in Sources */,
			);
			runOnlyForDeploymentPostprocessing = 0;
		};
/* End PBXSourcesBuildPhase section */

/* Begin PBXVariantGroup section */
		C4212B2B2A6D3F14009F9693 /* LaunchScreen.storyboard */ = {
			isa = PBXVariantGroup;
			children = (
				C4212B2C2A6D3F14009F9693 /* Base */,
			);
			name = LaunchScreen.storyboard;
			sourceTree = "<group>";
		};
/* End PBXVariantGroup section */

/* Begin XCBuildConfiguration section */
		C4212B2F2A6D3F14009F9693 /* Debug */ = {
			isa = XCBuildConfiguration;
			buildSettings = {
				ALWAYS_SEARCH_USER_PATHS = NO;
				CLANG_ANALYZER_NONNULL = YES;
				CLANG_ANALYZER_NUMBER_OBJECT_CONVERSION = YES_AGGRESSIVE;
				CLANG_CXX_LANGUAGE_STANDARD = "gnu++20";
				CLANG_ENABLE_MODULES = YES;
				CLANG_ENABLE_OBJC_ARC = YES;
				CLANG_ENABLE_OBJC_WEAK = YES;
				CLANG_WARN_BLOCK_CAPTURE_AUTORELEASING = YES;
				CLANG_WARN_BOOL_CONVERSION = YES;
				CLANG_WARN_COMMA = YES;
				CLANG_WARN_CONSTANT_CONVERSION = YES;
				CLANG_WARN_DEPRECATED_OBJC_IMPLEMENTATIONS = YES;
				CLANG_WARN_DIRECT_OBJC_ISA_USAGE = YES_ERROR;
				CLANG_WARN_DOCUMENTATION_COMMENTS = YES;
				CLANG_WARN_EMPTY_BODY = YES;
				CLANG_WARN_ENUM_CONVERSION = YES;
				CLANG_WARN_INFINITE_RECURSION = YES;
				CLANG_WARN_INT_CONVERSION = YES;
				CLANG_WARN_NON_LITERAL_NULL_CONVERSION = YES;
				CLANG_WARN_OBJC_IMPLICIT_RETAIN_SELF = YES;
				CLANG_WARN_OBJC_LITERAL_CONVERSION = YES;
				CLANG_WARN_OBJC_ROOT_CLASS = YES_ERROR;
				CLANG_WARN_QUOTED_INCLUDE_IN_FRAMEWORK_HEADER = YES;
				CLANG_WARN_RANGE_LOOP_ANALYSIS = YES;
				CLANG_WARN_STRICT_PROTOTYPES = YES;
				CLANG_WARN_SUSPICIOUS_MOVE = YES;
				CLANG_WARN_UNGUARDED_AVAILABILITY = YES_AGGRESSIVE;
				CLANG_WARN_UNREACHABLE_CODE = YES;
				CLANG_WARN__DUPLICATE_METHOD_MATCH = YES;
				COPY_PHASE_STRIP = NO;
				DEBUG_INFORMATION_FORMAT = dwarf;
				ENABLE_STRICT_OBJC_MSGSEND = YES;
				ENABLE_TESTABILITY = YES;
				GCC_C_LANGUAGE_STANDARD = gnu11;
				GCC_DYNAMIC_NO_PIC = NO;
				GCC_NO_COMMON_BLOCKS = YES;
				GCC_OPTIMIZATION_LEVEL = 0;
				GCC_PREPROCESSOR_DEFINITIONS = (
					"DEBUG=1",
					"$(inherited)",
				);
				GCC_WARN_64_TO_32_BIT_CONVERSION = YES;
				GCC_WARN_ABOUT_RETURN_TYPE = YES_ERROR;
				GCC_WARN_UNDECLARED_SELECTOR = YES;
				GCC_WARN_UNINITIALIZED_AUTOS = YES_AGGRESSIVE;
				GCC_WARN_UNUSED_FUNCTION = YES;
				GCC_WARN_UNUSED_VARIABLE = YES;
				IPHONEOS_DEPLOYMENT_TARGET = 16.4;
				MTL_ENABLE_DEBUG_INFO = INCLUDE_SOURCE;
				MTL_FAST_MATH = YES;
				ONLY_ACTIVE_ARCH = YES;
				SDKROOT = iphoneos;
				SWIFT_ACTIVE_COMPILATION_CONDITIONS = DEBUG;
				SWIFT_OPTIMIZATION_LEVEL = "-Onone";
			};
			name = Debug;
		};
		C4212B302A6D3F14009F9693 /* Release */ = {
			isa = XCBuildConfiguration;
			buildSettings = {
				ALWAYS_SEARCH_USER_PATHS = NO;
				CLANG_ANALYZER_NONNULL = YES;
				CLANG_ANALYZER_NUMBER_OBJECT_CONVERSION = YES_AGGRESSIVE;
				CLANG_CXX_LANGUAGE_STANDARD = "gnu++20";
				CLANG_ENABLE_MODULES = YES;
				CLANG_ENABLE_OBJC_ARC = YES;
				CLANG_ENABLE_OBJC_WEAK = YES;
				CLANG_WARN_BLOCK_CAPTURE_AUTORELEASING = YES;
				CLANG_WARN_BOOL_CONVERSION = YES;
				CLANG_WARN_COMMA = YES;
				CLANG_WARN_CONSTANT_CONVERSION = YES;
				CLANG_WARN_DEPRECATED_OBJC_IMPLEMENTATIONS = YES;
				CLANG_WARN_DIRECT_OBJC_ISA_USAGE = YES_ERROR;
				CLANG_WARN_DOCUMENTATION_COMMENTS = YES;
				CLANG_WARN_EMPTY_BODY = YES;
				CLANG_WARN_ENUM_CONVERSION = YES;
				CLANG_WARN_INFINITE_RECURSION = YES;
				CLANG_WARN_INT_CONVERSION = YES;
				CLANG_WARN_NON_LITERAL_NULL_CONVERSION = YES;
				CLANG_WARN_OBJC_IMPLICIT_RETAIN_SELF = YES;
				CLANG_WARN_OBJC_LITERAL_CONVERSION = YES;
				CLANG_WARN_OBJC_ROOT_CLASS = YES_ERROR;
				CLANG_WARN_QUOTED_INCLUDE_IN_FRAMEWORK_HEADER = YES;
				CLANG_WARN_RANGE_LOOP_ANALYSIS = YES;
				CLANG_WARN_STRICT_PROTOTYPES = YES;
				CLANG_WARN_SUSPICIOUS_MOVE = YES;
				CLANG_WARN_UNGUARDED_AVAILABILITY = YES_AGGRESSIVE;
				CLANG_WARN_UNREACHABLE_CODE = YES;
				CLANG_WARN__DUPLICATE_METHOD_MATCH = YES;
				COPY_PHASE_STRIP = NO;
				DEBUG_INFORMATION_FORMAT = "dwarf-with-dsym";
				ENABLE_NS_ASSERTIONS = NO;
				ENABLE_STRICT_OBJC_MSGSEND = YES;
				GCC_C_LANGUAGE_STANDARD = gnu11;
				GCC_NO_COMMON_BLOCKS = YES;
				GCC_WARN_64_TO_32_BIT_CONVERSION = YES;
				GCC_WARN_ABOUT_RETURN_TYPE = YES_ERROR;
				GCC_WARN_UNDECLARED_SELECTOR = YES;
				GCC_WARN_UNINITIALIZED_AUTOS = YES_AGGRESSIVE;
				GCC_WARN_UNUSED_FUNCTION = YES;
				GCC_WARN_UNUSED_VARIABLE = YES;
				IPHONEOS_DEPLOYMENT_TARGET = 16.4;
				MTL_ENABLE_DEBUG_INFO = NO;
				MTL_FAST_MATH = YES;
				SDKROOT = iphoneos;
				SWIFT_COMPILATION_MODE = wholemodule;
				SWIFT_OPTIMIZATION_LEVEL = "-O";
				VALIDATE_PRODUCT = YES;
			};
			name = Release;
		};
		C4212B322A6D3F14009F9693 /* Debug */ = {
			isa = XCBuildConfiguration;
			baseConfigurationReference = B681200E35CDEC8DF4DFCECE /* Pods-MessageApp.debug.xcconfig */;
			buildSettings = {
				ASSETCATALOG_COMPILER_APPICON_NAME = AppIcon;
				ASSETCATALOG_COMPILER_GLOBAL_ACCENT_COLOR_NAME = AccentColor;
				CODE_SIGN_STYLE = Automatic;
				CURRENT_PROJECT_VERSION = 1;
				GENERATE_INFOPLIST_FILE = YES;
				INFOPLIST_FILE = MessageApp/Info.plist;
				INFOPLIST_KEY_UIApplicationSupportsIndirectInputEvents = YES;
				INFOPLIST_KEY_UILaunchStoryboardName = LaunchScreen;
				INFOPLIST_KEY_UIMainStoryboardFile = "";
				INFOPLIST_KEY_UISupportedInterfaceOrientations_iPad = "UIInterfaceOrientationPortrait UIInterfaceOrientationPortraitUpsideDown UIInterfaceOrientationLandscapeLeft UIInterfaceOrientationLandscapeRight";
				INFOPLIST_KEY_UISupportedInterfaceOrientations_iPhone = "UIInterfaceOrientationPortrait UIInterfaceOrientationLandscapeLeft UIInterfaceOrientationLandscapeRight";
				LD_RUNPATH_SEARCH_PATHS = (
					"$(inherited)",
					"@executable_path/Frameworks",
				);
				MARKETING_VERSION = 1.0;
				PRODUCT_BUNDLE_IDENTIFIER = GabrielMors.MessageApp;
				PRODUCT_NAME = "$(TARGET_NAME)";
				SWIFT_EMIT_LOC_STRINGS = YES;
				SWIFT_VERSION = 5.0;
				TARGETED_DEVICE_FAMILY = "1,2";
			};
			name = Debug;
		};
		C4212B332A6D3F14009F9693 /* Release */ = {
			isa = XCBuildConfiguration;
			baseConfigurationReference = F65FAE0C9A36C4C7E9DB6BF9 /* Pods-MessageApp.release.xcconfig */;
			buildSettings = {
				ASSETCATALOG_COMPILER_APPICON_NAME = AppIcon;
				ASSETCATALOG_COMPILER_GLOBAL_ACCENT_COLOR_NAME = AccentColor;
				CODE_SIGN_STYLE = Automatic;
				CURRENT_PROJECT_VERSION = 1;
				GENERATE_INFOPLIST_FILE = YES;
				INFOPLIST_FILE = MessageApp/Info.plist;
				INFOPLIST_KEY_UIApplicationSupportsIndirectInputEvents = YES;
				INFOPLIST_KEY_UILaunchStoryboardName = LaunchScreen;
				INFOPLIST_KEY_UIMainStoryboardFile = "";
				INFOPLIST_KEY_UISupportedInterfaceOrientations_iPad = "UIInterfaceOrientationPortrait UIInterfaceOrientationPortraitUpsideDown UIInterfaceOrientationLandscapeLeft UIInterfaceOrientationLandscapeRight";
				INFOPLIST_KEY_UISupportedInterfaceOrientations_iPhone = "UIInterfaceOrientationPortrait UIInterfaceOrientationLandscapeLeft UIInterfaceOrientationLandscapeRight";
				LD_RUNPATH_SEARCH_PATHS = (
					"$(inherited)",
					"@executable_path/Frameworks",
				);
				MARKETING_VERSION = 1.0;
				PRODUCT_BUNDLE_IDENTIFIER = GabrielMors.MessageApp;
				PRODUCT_NAME = "$(TARGET_NAME)";
				SWIFT_EMIT_LOC_STRINGS = YES;
				SWIFT_VERSION = 5.0;
				TARGETED_DEVICE_FAMILY = "1,2";
			};
			name = Release;
		};
/* End XCBuildConfiguration section */

/* Begin XCConfigurationList section */
		C4212B182A6D3F12009F9693 /* Build configuration list for PBXProject "MessageApp" */ = {
			isa = XCConfigurationList;
			buildConfigurations = (
				C4212B2F2A6D3F14009F9693 /* Debug */,
				C4212B302A6D3F14009F9693 /* Release */,
			);
			defaultConfigurationIsVisible = 0;
			defaultConfigurationName = Release;
		};
		C4212B312A6D3F14009F9693 /* Build configuration list for PBXNativeTarget "MessageApp" */ = {
			isa = XCConfigurationList;
			buildConfigurations = (
				C4212B322A6D3F14009F9693 /* Debug */,
				C4212B332A6D3F14009F9693 /* Release */,
			);
			defaultConfigurationIsVisible = 0;
			defaultConfigurationName = Release;
		};
/* End XCConfigurationList section */
	};
	rootObject = C4212B152A6D3F12009F9693 /* Project object */;
}
